
Microsoft Visual Studio Solution File, Format Version 12.00
# Visual Studio 2012
Project("{FAE04EC0-301F-11D3-BF4B-00C04F79EFBC}") = "LeoLemon", "LeoLemon\LeoLemon.csproj", "{266B7829-685A-4D7F-83A7-8847EF9A9C22}"
EndProject
Project("{FAE04EC0-301F-11D3-BF4B-00C04F79EFBC}") = "LeoLemon.Tester", "LeoLemon.Tester\LeoLemon.Tester.csproj", "{476479AC-D932-4526-BEBF-C348568EED66}"
EndProject
Project("{FAE04EC0-301F-11D3-BF4B-00C04F79EFBC}") = "LeoLemon.Index", "LeoLemon.Index\LeoLemon.Index.csproj", "{CA773AE0-EAC9-4713-BE44-664F58C3EE13}"
EndProject
Project("{FAE04EC0-301F-11D3-BF4B-00C04F79EFBC}") = "LeoLemon.Engine", "LeoLemon.Engine\LeoLemon.Engine.csproj", "{7681C414-6F23-4547-8CC1-3CC36E15ABF3}"
EndProject
Global
	GlobalSection(SolutionConfigurationPlatforms) = preSolution
		Debug|Any CPU = Debug|Any CPU
		Release|Any CPU = Release|Any CPU
	EndGlobalSection
	GlobalSection(ProjectConfigurationPlatforms) = postSolution
		{266B7829-685A-4D7F-83A7-8847EF9A9C22}.Debug|Any CPU.ActiveCfg = Debug|Any CPU
		{266B7829-685A-4D7F-83A7-8847EF9A9C22}.Debug|Any CPU.Build.0 = Debug|Any CPU
		{266B7829-685A-4D7F-83A7-8847EF9A9C22}.Release|Any CPU.ActiveCfg = Release|Any CPU
		{266B7829-685A-4D7F-83A7-8847EF9A9C22}.Release|Any CPU.Build.0 = Release|Any CPU
		{476479AC-D932-4526-BEBF-C348568EED66}.Debug|Any CPU.ActiveCfg = Debug|Any CPU
		{476479AC-D932-4526-BEBF-C348568EED66}.Debug|Any CPU.Build.0 = Debug|Any CPU
		{476479AC-D932-4526-BEBF-C348568EED66}.Release|Any CPU.ActiveCfg = Release|Any CPU
		{476479AC-D932-4526-BEBF-C348568EED66}.Release|Any CPU.Build.0 = Release|Any CPU
		{CA773AE0-EAC9-4713-BE44-664F58C3EE13}.Debug|Any CPU.ActiveCfg = Debug|Any CPU
		{CA773AE0-EAC9-4713-BE44-664F58C3EE13}.Debug|Any CPU.Build.0 = Debug|Any CPU
		{CA773AE0-EAC9-4713-BE44-664F58C3EE13}.Release|Any CPU.ActiveCfg = Release|Any CPU
		{CA773AE0-EAC9-4713-BE44-664F58C3EE13}.Release|Any CPU.Build.0 = Release|Any CPU
		{7681C414-6F23-4547-8CC1-3CC36E15ABF3}.Debug|Any CPU.ActiveCfg = Debug|Any CPU
		{7681C414-6F23-4547-8CC1-3CC36E15ABF3}.Debug|Any CPU.Build.0 = Debug|Any CPU
		{7681C414-6F23-4547-8CC1-3CC36E15ABF3}.Release|Any CPU.ActiveCfg = Release|Any CPU
		{7681C414-6F23-4547-8CC1-3CC36E15ABF3}.Release|Any CPU.Build.0 = Release|Any CPU
	EndGlobalSection
	GlobalSection(SolutionProperties) = preSolution
		HideSolutionNode = FALSE
	EndGlobalSection
EndGlobal
